
Microsoft Visual Studio Solution File, Format Version 12.00
# Visual Studio Version 17
VisualStudioVersion = 17.11.35327.3
MinimumVisualStudioVersion = 10.0.40219.1
Project("{FAE04EC0-301F-11D3-BF4B-00C04F79EFBC}") = "Employee_Management_System", "Employee_Management_System\Employee_Management_System.csproj", "{DDC0D5FB-7A63-4B87-8112-276AD1B71A98}"
EndProject
Global
	GlobalSection(SolutionConfigurationPlatforms) = preSolution
		Debug|Any CPU = Debug|Any CPU
		Release|Any CPU = Release|Any CPU
	EndGlobalSection
	GlobalSection(ProjectConfigurationPlatforms) = postSolution
		{DDC0D5FB-7A63-4B87-8112-276AD1B71A98}.Debug|Any CPU.ActiveCfg = Debug|Any CPU
		{DDC0D5FB-7A63-4B87-8112-276AD1B71A98}.Debug|Any CPU.Build.0 = Debug|Any CPU
		{DDC0D5FB-7A63-4B87-8112-276AD1B71A98}.Release|Any CPU.ActiveCfg = Release|Any CPU
		{DDC0D5FB-7A63-4B87-8112-276AD1B71A98}.Release|Any CPU.Build.0 = Release|Any CPU
	EndGlobalSection
	GlobalSection(SolutionProperties) = preSolution
		HideSolutionNode = FALSE
	EndGlobalSection
	GlobalSection(ExtensibilityGlobals) = postSolution
		SolutionGuid = {145BB654-1534-42E1-BA0C-D553E62687D5}
	EndGlobalSection
EndGlobal
